
Microsoft Visual Studio Solution File, Format Version 12.00
# Visual Studio Version 17
VisualStudioVersion = 17.0.31903.59
MinimumVisualStudioVersion = 10.0.40219.1
Project("{9A19103F-16F7-4668-BE54-9A1E7A4F7556}") = "PasswordGenerator", "PasswordGenerator.csproj", "{C7C1258E-D11C-4DDC-B172-8A3889856B0B}"
EndProject
Global
	GlobalSection(SolutionConfigurationPlatforms) = preSolution
		Debug|Any CPU = Debug|Any CPU
		Release|Any CPU = Release|Any CPU
	EndGlobalSection
	GlobalSection(ProjectConfigurationPlatforms) = postSolution
		{C7C1258E-D11C-4DDC-B172-8A3889856B0B}.Debug|Any CPU.ActiveCfg = Debug|Any CPU
		{C7C1258E-D11C-4DDC-B172-8A3889856B0B}.Debug|Any CPU.Build.0 = Debug|Any CPU
		{C7C1258E-D11C-4DDC-B172-8A3889856B0B}.Release|Any CPU.ActiveCfg = Release|Any CPU
		{C7C1258E-D11C-4DDC-B172-8A3889856B0B}.Release|Any CPU.Build.0 = Release|Any CPU
	EndGlobalSection
	GlobalSection(SolutionProperties) = preSolution
		HideSolutionNode = FALSE
	EndGlobalSection
	GlobalSection(ExtensibilityGlobals) = postSolution
		SolutionGuid = {AE884B00-E174-449F-874E-8889A51D444A}
	EndGlobalSection
EndGlobal
